
Microsoft Visual Studio Solution File, Format Version 12.00
# Visual Studio Version 17
VisualStudioVersion = 17.7.33808.371
MinimumVisualStudioVersion = 10.0.40219.1
Project("{2150E333-8FDC-42A3-9474-1A3956D46DE8}") = ".sln", ".sln", "{7A5BCB73-F16F-473F-8506-04AD84DB73A1}"
	ProjectSection(SolutionItems) = preProject
		base.props = base.props
		client.props = client.props
		core.props = core.props
		README.md = README.md
	EndProjectSection
EndProject
Project("{2150E333-8FDC-42A3-9474-1A3956D46DE8}") = "aspnet-core", "aspnet-core", "{816BDEF4-5440-4FB5-A98E-03D903BD8305}"
EndProject
Project("{2150E333-8FDC-42A3-9474-1A3956D46DE8}") = "client", "client", "{C8FB0B45-BC24-4287-8BF4-5F45C5B09421}"
EndProject
Project("{2150E333-8FDC-42A3-9474-1A3956D46DE8}") = "src", "src", "{D656AE21-2F7B-4517-8141-EAC913CDBC95}"
EndProject
Project("{2150E333-8FDC-42A3-9474-1A3956D46DE8}") = "tests", "tests", "{58227D1E-D8C1-462F-B9FC-FF775E04D608}"
EndProject
Project("{2150E333-8FDC-42A3-9474-1A3956D46DE8}") = "src", "src", "{C8C7B12C-BA61-4F20-94D7-D42386A0B1B6}"
EndProject
Project("{2150E333-8FDC-42A3-9474-1A3956D46DE8}") = "tests", "tests", "{94FCC8D7-E5AF-4AC3-8900-25BBEE17E258}"
EndProject
Project("{9A19103F-16F7-4668-BE54-9A1E7A4F7556}") = "VctoonCore.Application", "aspnet-core\src\VctoonCore.Application\VctoonCore.Application.csproj", "{EF90341C-26CB-4663-B28D-FF52FD7F8687}"
EndProject
Project("{9A19103F-16F7-4668-BE54-9A1E7A4F7556}") = "VctoonCore.Application.Contracts", "aspnet-core\src\VctoonCore.Application.Contracts\VctoonCore.Application.Contracts.csproj", "{003FF49F-E70D-4F76-9C9E-D1F8B9256272}"
EndProject
Project("{9A19103F-16F7-4668-BE54-9A1E7A4F7556}") = "VctoonCore.Blazor", "aspnet-core\src\VctoonCore.Blazor\VctoonCore.Blazor.csproj", "{58EDBD75-2E82-4C83-A5FB-524CCA7EBD1B}"
EndProject
Project("{9A19103F-16F7-4668-BE54-9A1E7A4F7556}") = "VctoonCore.DbMigrator", "aspnet-core\src\VctoonCore.DbMigrator\VctoonCore.DbMigrator.csproj", "{861DC842-4736-4F48-9D93-1350442C286A}"
EndProject
Project("{9A19103F-16F7-4668-BE54-9A1E7A4F7556}") = "VctoonCore.Domain", "aspnet-core\src\VctoonCore.Domain\VctoonCore.Domain.csproj", "{215B3B8A-8BA5-4B89-B4AB-083797F05FC7}"
EndProject
Project("{9A19103F-16F7-4668-BE54-9A1E7A4F7556}") = "VctoonCore.Domain.Shared", "aspnet-core\src\VctoonCore.Domain.Shared\VctoonCore.Domain.Shared.csproj", "{4DC459F8-47BA-4DE0-AADF-D3F59A5429C6}"
EndProject
Project("{9A19103F-16F7-4668-BE54-9A1E7A4F7556}") = "VctoonCore.EntityFrameworkCore", "aspnet-core\src\VctoonCore.EntityFrameworkCore\VctoonCore.EntityFrameworkCore.csproj", "{B9D7242A-0C3F-470A-BE88-837AA9062770}"
EndProject
Project("{9A19103F-16F7-4668-BE54-9A1E7A4F7556}") = "VctoonCore.HttpApi", "aspnet-core\src\VctoonCore.HttpApi\VctoonCore.HttpApi.csproj", "{66899173-4A0C-4B04-A707-D7512BBD1740}"
EndProject
Project("{9A19103F-16F7-4668-BE54-9A1E7A4F7556}") = "VctoonCore.HttpApi.Client", "aspnet-core\src\VctoonCore.HttpApi.Client\VctoonCore.HttpApi.Client.csproj", "{C730E805-FA80-4C2D-B162-53531B737D7A}"
EndProject
Project("{9A19103F-16F7-4668-BE54-9A1E7A4F7556}") = "VctoonCore.Application.Tests", "aspnet-core\test\VctoonCore.Application.Tests\VctoonCore.Application.Tests.csproj", "{1A7CF535-69AE-4DB7-AE7D-5965887A057D}"
EndProject
Project("{9A19103F-16F7-4668-BE54-9A1E7A4F7556}") = "VctoonCore.Domain.Tests", "aspnet-core\test\VctoonCore.Domain.Tests\VctoonCore.Domain.Tests.csproj", "{6C158BCE-0360-4EEC-B9C6-8E019CBDD456}"
EndProject
Project("{9A19103F-16F7-4668-BE54-9A1E7A4F7556}") = "VctoonCore.EntityFrameworkCore.Tests", "aspnet-core\test\VctoonCore.EntityFrameworkCore.Tests\VctoonCore.EntityFrameworkCore.Tests.csproj", "{57D7DD22-39BC-4335-903B-6BA860722722}"
EndProject
Project("{9A19103F-16F7-4668-BE54-9A1E7A4F7556}") = "VctoonCore.HttpApi.Client.ConsoleTestApp", "aspnet-core\test\VctoonCore.HttpApi.Client.ConsoleTestApp\VctoonCore.HttpApi.Client.ConsoleTestApp.csproj", "{A40EBC50-A79D-4AA7-B9DC-54D299530D28}"
EndProject
Project("{9A19103F-16F7-4668-BE54-9A1E7A4F7556}") = "VctoonCore.TestBase", "aspnet-core\test\VctoonCore.TestBase\VctoonCore.TestBase.csproj", "{FBA51BC0-731B-40E5-A937-009D27438FDD}"
EndProject
Project("{9A19103F-16F7-4668-BE54-9A1E7A4F7556}") = "VctoonClient", "client\src\VctoonClient\VctoonClient.csproj", "{49A37CBC-FD44-41F6-AED3-31FF6C5FD24D}"
EndProject
Project("{9A19103F-16F7-4668-BE54-9A1E7A4F7556}") = "VctoonClient.Android", "client\src\VctoonClient.Android\VctoonClient.Android.csproj", "{F92AF67C-E436-4E00-85A8-C0B2BC3739C5}"
EndProject
Project("{9A19103F-16F7-4668-BE54-9A1E7A4F7556}") = "VctoonClient.Browser", "client\src\VctoonClient.Browser\VctoonClient.Browser.csproj", "{04094285-4FBB-49B6-856E-4A1C82103ACE}"
EndProject
Project("{9A19103F-16F7-4668-BE54-9A1E7A4F7556}") = "VctoonClient.Desktop", "client\src\VctoonClient.Desktop\VctoonClient.Desktop.csproj", "{A37F4FAC-EF66-43CA-96DD-8F1A194F26B8}"
EndProject
Project("{9A19103F-16F7-4668-BE54-9A1E7A4F7556}") = "VctoonClient.iOS", "client\src\VctoonClient.iOS\VctoonClient.iOS.csproj", "{75C37594-7FAD-4DFC-95E8-C235B52BF608}"
EndProject
Project("{FAE04EC0-301F-11D3-BF4B-00C04F79EFBC}") = "VctoonClient.Tests", "client\tests\VctoonClient.Tests\VctoonClient.Tests.csproj", "{D8EF3EF6-AD06-41B4-AA0E-14AC946147D6}"
EndProject
Global
	GlobalSection(SolutionConfigurationPlatforms) = preSolution
		Debug|Any CPU = Debug|Any CPU
		Release|Any CPU = Release|Any CPU
	EndGlobalSection
	GlobalSection(ProjectConfigurationPlatforms) = postSolution
		{EF90341C-26CB-4663-B28D-FF52FD7F8687}.Debug|Any CPU.ActiveCfg = Debug|Any CPU
		{EF90341C-26CB-4663-B28D-FF52FD7F8687}.Debug|Any CPU.Build.0 = Debug|Any CPU
		{EF90341C-26CB-4663-B28D-FF52FD7F8687}.Release|Any CPU.ActiveCfg = Release|Any CPU
		{EF90341C-26CB-4663-B28D-FF52FD7F8687}.Release|Any CPU.Build.0 = Release|Any CPU
		{003FF49F-E70D-4F76-9C9E-D1F8B9256272}.Debug|Any CPU.ActiveCfg = Debug|Any CPU
		{003FF49F-E70D-4F76-9C9E-D1F8B9256272}.Debug|Any CPU.Build.0 = Debug|Any CPU
		{003FF49F-E70D-4F76-9C9E-D1F8B9256272}.Release|Any CPU.ActiveCfg = Release|Any CPU
		{003FF49F-E70D-4F76-9C9E-D1F8B9256272}.Release|Any CPU.Build.0 = Release|Any CPU
		{58EDBD75-2E82-4C83-A5FB-524CCA7EBD1B}.Debug|Any CPU.ActiveCfg = Debug|Any CPU
		{58EDBD75-2E82-4C83-A5FB-524CCA7EBD1B}.Debug|Any CPU.Build.0 = Debug|Any CPU
		{58EDBD75-2E82-4C83-A5FB-524CCA7EBD1B}.Release|Any CPU.ActiveCfg = Release|Any CPU
		{58EDBD75-2E82-4C83-A5FB-524CCA7EBD1B}.Release|Any CPU.Build.0 = Release|Any CPU
		{861DC842-4736-4F48-9D93-1350442C286A}.Debug|Any CPU.ActiveCfg = Debug|Any CPU
		{861DC842-4736-4F48-9D93-1350442C286A}.Debug|Any CPU.Build.0 = Debug|Any CPU
		{861DC842-4736-4F48-9D93-1350442C286A}.Release|Any CPU.ActiveCfg = Release|Any CPU
		{861DC842-4736-4F48-9D93-1350442C286A}.Release|Any CPU.Build.0 = Release|Any CPU
		{215B3B8A-8BA5-4B89-B4AB-083797F05FC7}.Debug|Any CPU.ActiveCfg = Debug|Any CPU
		{215B3B8A-8BA5-4B89-B4AB-083797F05FC7}.Debug|Any CPU.Build.0 = Debug|Any CPU
		{215B3B8A-8BA5-4B89-B4AB-083797F05FC7}.Release|Any CPU.ActiveCfg = Release|Any CPU
		{215B3B8A-8BA5-4B89-B4AB-083797F05FC7}.Release|Any CPU.Build.0 = Release|Any CPU
		{4DC459F8-47BA-4DE0-AADF-D3F59A5429C6}.Debug|Any CPU.ActiveCfg = Debug|Any CPU
		{4DC459F8-47BA-4DE0-AADF-D3F59A5429C6}.Debug|Any CPU.Build.0 = Debug|Any CPU
		{4DC459F8-47BA-4DE0-AADF-D3F59A5429C6}.Release|Any CPU.ActiveCfg = Release|Any CPU
		{4DC459F8-47BA-4DE0-AADF-D3F59A5429C6}.Release|Any CPU.Build.0 = Release|Any CPU
		{B9D7242A-0C3F-470A-BE88-837AA9062770}.Debug|Any CPU.ActiveCfg = Debug|Any CPU
		{B9D7242A-0C3F-470A-BE88-837AA9062770}.Debug|Any CPU.Build.0 = Debug|Any CPU
		{B9D7242A-0C3F-470A-BE88-837AA9062770}.Release|Any CPU.ActiveCfg = Release|Any CPU
		{B9D7242A-0C3F-470A-BE88-837AA9062770}.Release|Any CPU.Build.0 = Release|Any CPU
		{66899173-4A0C-4B04-A707-D7512BBD1740}.Debug|Any CPU.ActiveCfg = Debug|Any CPU
		{66899173-4A0C-4B04-A707-D7512BBD1740}.Debug|Any CPU.Build.0 = Debug|Any CPU
		{66899173-4A0C-4B04-A707-D7512BBD1740}.Release|Any CPU.ActiveCfg = Release|Any CPU
		{66899173-4A0C-4B04-A707-D7512BBD1740}.Release|Any CPU.Build.0 = Release|Any CPU
		{C730E805-FA80-4C2D-B162-53531B737D7A}.Debug|Any CPU.ActiveCfg = Debug|Any CPU
		{C730E805-FA80-4C2D-B162-53531B737D7A}.Debug|Any CPU.Build.0 = Debug|Any CPU
		{C730E805-FA80-4C2D-B162-53531B737D7A}.Release|Any CPU.ActiveCfg = Release|Any CPU
		{C730E805-FA80-4C2D-B162-53531B737D7A}.Release|Any CPU.Build.0 = Release|Any CPU
		{1A7CF535-69AE-4DB7-AE7D-5965887A057D}.Debug|Any CPU.ActiveCfg = Debug|Any CPU
		{1A7CF535-69AE-4DB7-AE7D-5965887A057D}.Debug|Any CPU.Build.0 = Debug|Any CPU
		{1A7CF535-69AE-4DB7-AE7D-5965887A057D}.Release|Any CPU.ActiveCfg = Release|Any CPU
		{1A7CF535-69AE-4DB7-AE7D-5965887A057D}.Release|Any CPU.Build.0 = Release|Any CPU
		{6C158BCE-0360-4EEC-B9C6-8E019CBDD456}.Debug|Any CPU.ActiveCfg = Debug|Any CPU
		{6C158BCE-0360-4EEC-B9C6-8E019CBDD456}.Debug|Any CPU.Build.0 = Debug|Any CPU
		{6C158BCE-0360-4EEC-B9C6-8E019CBDD456}.Release|Any CPU.ActiveCfg = Release|Any CPU
		{6C158BCE-0360-4EEC-B9C6-8E019CBDD456}.Release|Any CPU.Build.0 = Release|Any CPU
		{57D7DD22-39BC-4335-903B-6BA860722722}.Debug|Any CPU.ActiveCfg = Debug|Any CPU
		{57D7DD22-39BC-4335-903B-6BA860722722}.Debug|Any CPU.Build.0 = Debug|Any CPU
		{57D7DD22-39BC-4335-903B-6BA860722722}.Release|Any CPU.ActiveCfg = Release|Any CPU
		{57D7DD22-39BC-4335-903B-6BA860722722}.Release|Any CPU.Build.0 = Release|Any CPU
		{A40EBC50-A79D-4AA7-B9DC-54D299530D28}.Debug|Any CPU.ActiveCfg = Debug|Any CPU
		{A40EBC50-A79D-4AA7-B9DC-54D299530D28}.Debug|Any CPU.Build.0 = Debug|Any CPU
		{A40EBC50-A79D-4AA7-B9DC-54D299530D28}.Release|Any CPU.ActiveCfg = Release|Any CPU
		{A40EBC50-A79D-4AA7-B9DC-54D299530D28}.Release|Any CPU.Build.0 = Release|Any CPU
		{FBA51BC0-731B-40E5-A937-009D27438FDD}.Debug|Any CPU.ActiveCfg = Debug|Any CPU
		{FBA51BC0-731B-40E5-A937-009D27438FDD}.Debug|Any CPU.Build.0 = Debug|Any CPU
		{FBA51BC0-731B-40E5-A937-009D27438FDD}.Release|Any CPU.ActiveCfg = Release|Any CPU
		{FBA51BC0-731B-40E5-A937-009D27438FDD}.Release|Any CPU.Build.0 = Release|Any CPU
		{49A37CBC-FD44-41F6-AED3-31FF6C5FD24D}.Debug|Any CPU.ActiveCfg = Debug|Any CPU
		{49A37CBC-FD44-41F6-AED3-31FF6C5FD24D}.Debug|Any CPU.Build.0 = Debug|Any CPU
		{49A37CBC-FD44-41F6-AED3-31FF6C5FD24D}.Release|Any CPU.ActiveCfg = Release|Any CPU
		{49A37CBC-FD44-41F6-AED3-31FF6C5FD24D}.Release|Any CPU.Build.0 = Release|Any CPU
		{F92AF67C-E436-4E00-85A8-C0B2BC3739C5}.Debug|Any CPU.ActiveCfg = Debug|Any CPU
		{F92AF67C-E436-4E00-85A8-C0B2BC3739C5}.Debug|Any CPU.Build.0 = Debug|Any CPU
		{F92AF67C-E436-4E00-85A8-C0B2BC3739C5}.Debug|Any CPU.Deploy.0 = Debug|Any CPU
		{F92AF67C-E436-4E00-85A8-C0B2BC3739C5}.Release|Any CPU.ActiveCfg = Release|Any CPU
		{F92AF67C-E436-4E00-85A8-C0B2BC3739C5}.Release|Any CPU.Build.0 = Release|Any CPU
		{F92AF67C-E436-4E00-85A8-C0B2BC3739C5}.Release|Any CPU.Deploy.0 = Release|Any CPU
		{04094285-4FBB-49B6-856E-4A1C82103ACE}.Debug|Any CPU.ActiveCfg = Debug|Any CPU
		{04094285-4FBB-49B6-856E-4A1C82103ACE}.Debug|Any CPU.Build.0 = Debug|Any CPU
		{04094285-4FBB-49B6-856E-4A1C82103ACE}.Release|Any CPU.ActiveCfg = Release|Any CPU
		{04094285-4FBB-49B6-856E-4A1C82103ACE}.Release|Any CPU.Build.0 = Release|Any CPU
		{A37F4FAC-EF66-43CA-96DD-8F1A194F26B8}.Debug|Any CPU.ActiveCfg = Debug|Any CPU
		{A37F4FAC-EF66-43CA-96DD-8F1A194F26B8}.Debug|Any CPU.Build.0 = Debug|Any CPU
		{A37F4FAC-EF66-43CA-96DD-8F1A194F26B8}.Release|Any CPU.ActiveCfg = Release|Any CPU
		{A37F4FAC-EF66-43CA-96DD-8F1A194F26B8}.Release|Any CPU.Build.0 = Release|Any CPU
		{75C37594-7FAD-4DFC-95E8-C235B52BF608}.Debug|Any CPU.ActiveCfg = Debug|Any CPU
		{75C37594-7FAD-4DFC-95E8-C235B52BF608}.Debug|Any CPU.Build.0 = Debug|Any CPU
		{75C37594-7FAD-4DFC-95E8-C235B52BF608}.Debug|Any CPU.Deploy.0 = Debug|Any CPU
		{75C37594-7FAD-4DFC-95E8-C235B52BF608}.Release|Any CPU.ActiveCfg = Release|Any CPU
		{75C37594-7FAD-4DFC-95E8-C235B52BF608}.Release|Any CPU.Build.0 = Release|Any CPU
		{75C37594-7FAD-4DFC-95E8-C235B52BF608}.Release|Any CPU.Deploy.0 = Release|Any CPU
		{D8EF3EF6-AD06-41B4-AA0E-14AC946147D6}.Debug|Any CPU.ActiveCfg = Debug|Any CPU
		{D8EF3EF6-AD06-41B4-AA0E-14AC946147D6}.Debug|Any CPU.Build.0 = Debug|Any CPU
		{D8EF3EF6-AD06-41B4-AA0E-14AC946147D6}.Release|Any CPU.ActiveCfg = Release|Any CPU
		{D8EF3EF6-AD06-41B4-AA0E-14AC946147D6}.Release|Any CPU.Build.0 = Release|Any CPU
	EndGlobalSection
	GlobalSection(SolutionProperties) = preSolution
		HideSolutionNode = FALSE
	EndGlobalSection
	GlobalSection(NestedProjects) = preSolution
		{D656AE21-2F7B-4517-8141-EAC913CDBC95} = {816BDEF4-5440-4FB5-A98E-03D903BD8305}
		{58227D1E-D8C1-462F-B9FC-FF775E04D608} = {816BDEF4-5440-4FB5-A98E-03D903BD8305}
		{C8C7B12C-BA61-4F20-94D7-D42386A0B1B6} = {C8FB0B45-BC24-4287-8BF4-5F45C5B09421}
		{94FCC8D7-E5AF-4AC3-8900-25BBEE17E258} = {C8FB0B45-BC24-4287-8BF4-5F45C5B09421}
		{EF90341C-26CB-4663-B28D-FF52FD7F8687} = {D656AE21-2F7B-4517-8141-EAC913CDBC95}
		{003FF49F-E70D-4F76-9C9E-D1F8B9256272} = {D656AE21-2F7B-4517-8141-EAC913CDBC95}
		{58EDBD75-2E82-4C83-A5FB-524CCA7EBD1B} = {D656AE21-2F7B-4517-8141-EAC913CDBC95}
		{861DC842-4736-4F48-9D93-1350442C286A} = {D656AE21-2F7B-4517-8141-EAC913CDBC95}
		{215B3B8A-8BA5-4B89-B4AB-083797F05FC7} = {D656AE21-2F7B-4517-8141-EAC913CDBC95}
		{4DC459F8-47BA-4DE0-AADF-D3F59A5429C6} = {D656AE21-2F7B-4517-8141-EAC913CDBC95}
		{B9D7242A-0C3F-470A-BE88-837AA9062770} = {D656AE21-2F7B-4517-8141-EAC913CDBC95}
		{66899173-4A0C-4B04-A707-D7512BBD1740} = {D656AE21-2F7B-4517-8141-EAC913CDBC95}
		{C730E805-FA80-4C2D-B162-53531B737D7A} = {D656AE21-2F7B-4517-8141-EAC913CDBC95}
		{1A7CF535-69AE-4DB7-AE7D-5965887A057D} = {58227D1E-D8C1-462F-B9FC-FF775E04D608}
		{6C158BCE-0360-4EEC-B9C6-8E019CBDD456} = {58227D1E-D8C1-462F-B9FC-FF775E04D608}
		{57D7DD22-39BC-4335-903B-6BA860722722} = {58227D1E-D8C1-462F-B9FC-FF775E04D608}
		{A40EBC50-A79D-4AA7-B9DC-54D299530D28} = {58227D1E-D8C1-462F-B9FC-FF775E04D608}
		{FBA51BC0-731B-40E5-A937-009D27438FDD} = {58227D1E-D8C1-462F-B9FC-FF775E04D608}
		{49A37CBC-FD44-41F6-AED3-31FF6C5FD24D} = {C8C7B12C-BA61-4F20-94D7-D42386A0B1B6}
		{F92AF67C-E436-4E00-85A8-C0B2BC3739C5} = {C8C7B12C-BA61-4F20-94D7-D42386A0B1B6}
		{04094285-4FBB-49B6-856E-4A1C82103ACE} = {C8C7B12C-BA61-4F20-94D7-D42386A0B1B6}
		{A37F4FAC-EF66-43CA-96DD-8F1A194F26B8} = {C8C7B12C-BA61-4F20-94D7-D42386A0B1B6}
		{75C37594-7FAD-4DFC-95E8-C235B52BF608} = {C8C7B12C-BA61-4F20-94D7-D42386A0B1B6}
		{D8EF3EF6-AD06-41B4-AA0E-14AC946147D6} = {94FCC8D7-E5AF-4AC3-8900-25BBEE17E258}
	EndGlobalSection
	GlobalSection(ExtensibilityGlobals) = postSolution
		SolutionGuid = {EBC770D1-8624-4B3F-BB8C-3CEAAD1B459B}
	EndGlobalSection
EndGlobal
